{"version":4,"terraform_version":"1.9.0","serial":4,"lineage":"fca50668-f8f6-de3e-564b-086425e81601","outputs":{"service_account_email":{"value":"nl-to-iac-service-account@speedy-octane-457509-r0.iam.gserviceaccount.com","type":"string"},"storage_bucket":{"value":"nl-to-iac-artifacts-speedy-octane-457509-r0","type":"string"}},"resources":[{"mode":"managed","type":"google_app_engine_application","name":"app","provider":"provider[\"registry.opentofu.org/hashicorp/google\"]","instances":[{"schema_version":0,"attributes":{"app_id":"speedy-octane-457509-r0","auth_domain":"gmail.com","code_bucket":"staging.speedy-octane-457509-r0.appspot.com","database_type":"CLOUD_FIRESTORE","default_bucket":"speedy-octane-457509-r0.appspot.com","default_hostname":"speedy-octane-457509-r0.uc.r.appspot.com","feature_settings":[{"split_health_checks":true}],"gcr_domain":"us.gcr.io","iap":[],"id":"speedy-octane-457509-r0","location_id":"us-central","name":"apps/speedy-octane-457509-r0","project":"speedy-octane-457509-r0","serving_status":"SERVING","timeouts":null,"url_dispatch_rule":[]},"sensitive_attributes":[],"private":"eyJlMmJmYjczMC1lY2FhLTExZTYtOGY4OC0zNDM2M2JjN2M0YzAiOnsiY3JlYXRlIjoyNDAwMDAwMDAwMDAsInVwZGF0ZSI6MjQwMDAwMDAwMDAwfX0=","dependencies":["google_project_service.firestore_api"]}]},{"mode":"managed","type":"google_cloud_run_service","name":"nl_to_iac_api","provider":"provider[\"registry.opentofu.org/hashicorp/google\"]","instances":[{"status":"tainted","schema_version":1,"attributes":{"autogenerate_revision_name":true,"id":"locations/us-central1/namespaces/speedy-octane-457509-r0/services/nl-to-iac-api","location":"us-central1","metadata":null,"name":"nl-to-iac-api","project":null,"status":null,"template":[{"metadata":[],"spec":[{"container_concurrency":0,"containers":[{"args":null,"command":null,"env":[{"name":"GCP_PROJECT_ID","value":"speedy-octane-457509-r0","value_from":[]},{"name":"GCP_STORAGE_BUCKET","value":"nl-to-iac-artifacts-speedy-octane-457509-r0","value_from":[]}],"env_from":[],"image":"gcr.io/speedy-octane-457509-r0/nl-to-iac-api","liveness_probe":[],"name":"","ports":[],"resources":[{"limits":{"cpu":"1000m","memory":"2Gi"},"requests":null}],"startup_probe":[],"volume_mounts":[],"working_dir":""}],"service_account_name":"nl-to-iac-service-account@speedy-octane-457509-r0.iam.gserviceaccount.com","serving_state":"","timeout_seconds":3600,"volumes":[]}]}],"timeouts":null,"traffic":[{"latest_revision":true,"percent":100,"revision_name":"","tag":"","url":""}]},"sensitive_attributes":[],"private":"eyJlMmJmYjczMC1lY2FhLTExZTYtOGY4OC0zNDM2M2JjN2M0YzAiOnsiY3JlYXRlIjoxMjAwMDAwMDAwMDAwLCJkZWxldGUiOjEyMDAwMDAwMDAwMDAsInVwZGF0ZSI6MTIwMDAwMDAwMDAwMH0sInNjaGVtYV92ZXJzaW9uIjoiMSJ9","dependencies":["google_project_iam_member.firestore_user","google_project_service.run_api","google_project_service.storage_api","google_service_account.cloud_run_service_account","google_storage_bucket.artifacts_bucket","google_storage_bucket_iam_member.storage_admin"]}]},{"mode":"managed","type":"google_project_iam_member","name":"firestore_user","provider":"provider[\"registry.opentofu.org/hashicorp/google\"]","instances":[{"schema_version":0,"attributes":{"condition":[],"etag":"BwYzW//1jHM=","id":"speedy-octane-457509-r0/roles/datastore.user/serviceAccount:nl-to-iac-service-account@speedy-octane-457509-r0.iam.gserviceaccount.com","member":"serviceAccount:nl-to-iac-service-account@speedy-octane-457509-r0.iam.gserviceaccount.com","project":"speedy-octane-457509-r0","role":"roles/datastore.user"},"sensitive_attributes":[],"private":"bnVsbA==","dependencies":["google_service_account.cloud_run_service_account"]}]},{"mode":"managed","type":"google_project_service","name":"cloudbuild_api","provider":"provider[\"registry.opentofu.org/hashicorp/google\"]","instances":[{"schema_version":0,"attributes":{"disable_dependent_services":null,"disable_on_destroy":false,"id":"speedy-octane-457509-r0/cloudbuild.googleapis.com","project":"speedy-octane-457509-r0","service":"cloudbuild.googleapis.com","timeouts":null},"sensitive_attributes":[],"private":"eyJlMmJmYjczMC1lY2FhLTExZTYtOGY4OC0zNDM2M2JjN2M0YzAiOnsiY3JlYXRlIjoxMjAwMDAwMDAwMDAwLCJkZWxldGUiOjEyMDAwMDAwMDAwMDAsInJlYWQiOjYwMDAwMDAwMDAwMCwidXBkYXRlIjoxMjAwMDAwMDAwMDAwfX0="}]},{"mode":"managed","type":"google_project_service","name":"firestore_api","provider":"provider[\"registry.opentofu.org/hashicorp/google\"]","instances":[{"schema_version":0,"attributes":{"disable_dependent_services":null,"disable_on_destroy":false,"id":"speedy-octane-457509-r0/firestore.googleapis.com","project":"speedy-octane-457509-r0","service":"firestore.googleapis.com","timeouts":null},"sensitive_attributes":[],"private":"eyJlMmJmYjczMC1lY2FhLTExZTYtOGY4OC0zNDM2M2JjN2M0YzAiOnsiY3JlYXRlIjoxMjAwMDAwMDAwMDAwLCJkZWxldGUiOjEyMDAwMDAwMDAwMDAsInJlYWQiOjYwMDAwMDAwMDAwMCwidXBkYXRlIjoxMjAwMDAwMDAwMDAwfX0="}]},{"mode":"managed","type":"google_project_service","name":"run_api","provider":"provider[\"registry.opentofu.org/hashicorp/google\"]","instances":[{"schema_version":0,"attributes":{"disable_dependent_services":null,"disable_on_destroy":false,"id":"speedy-octane-457509-r0/run.googleapis.com","project":"speedy-octane-457509-r0","service":"run.googleapis.com","timeouts":null},"sensitive_attributes":[],"private":"eyJlMmJmYjczMC1lY2FhLTExZTYtOGY4OC0zNDM2M2JjN2M0YzAiOnsiY3JlYXRlIjoxMjAwMDAwMDAwMDAwLCJkZWxldGUiOjEyMDAwMDAwMDAwMDAsInJlYWQiOjYwMDAwMDAwMDAwMCwidXBkYXRlIjoxMjAwMDAwMDAwMDAwfX0="}]},{"mode":"managed","type":"google_project_service","name":"storage_api","provider":"provider[\"registry.opentofu.org/hashicorp/google\"]","instances":[{"schema_version":0,"attributes":{"disable_dependent_services":null,"disable_on_destroy":false,"id":"speedy-octane-457509-r0/storage.googleapis.com","project":"speedy-octane-457509-r0","service":"storage.googleapis.com","timeouts":null},"sensitive_attributes":[],"private":"eyJlMmJmYjczMC1lY2FhLTExZTYtOGY4OC0zNDM2M2JjN2M0YzAiOnsiY3JlYXRlIjoxMjAwMDAwMDAwMDAwLCJkZWxldGUiOjEyMDAwMDAwMDAwMDAsInJlYWQiOjYwMDAwMDAwMDAwMCwidXBkYXRlIjoxMjAwMDAwMDAwMDAwfX0="}]},{"mode":"managed","type":"google_service_account","name":"cloud_run_service_account","provider":"provider[\"registry.opentofu.org/hashicorp/google\"]","instances":[{"schema_version":0,"attributes":{"account_id":"nl-to-iac-service-account","description":"","disabled":false,"display_name":"NL to IaC Service Account","email":"nl-to-iac-service-account@speedy-octane-457509-r0.iam.gserviceaccount.com","id":"projects/speedy-octane-457509-r0/serviceAccounts/nl-to-iac-service-account@speedy-octane-457509-r0.iam.gserviceaccount.com","member":"serviceAccount:nl-to-iac-service-account@speedy-octane-457509-r0.iam.gserviceaccount.com","name":"projects/speedy-octane-457509-r0/serviceAccounts/nl-to-iac-service-account@speedy-octane-457509-r0.iam.gserviceaccount.com","project":"speedy-octane-457509-r0","timeouts":null,"unique_id":"108280102844263169120"},"sensitive_attributes":[],"private":"eyJlMmJmYjczMC1lY2FhLTExZTYtOGY4OC0zNDM2M2JjN2M0YzAiOnsiY3JlYXRlIjozMDAwMDAwMDAwMDB9fQ=="}]},{"mode":"managed","type":"google_storage_bucket","name":"artifacts_bucket","provider":"provider[\"registry.opentofu.org/hashicorp/google\"]","instances":[{"schema_version":0,"attributes":{"autoclass":[],"cors":[],"custom_placement_config":[],"default_event_based_hold":false,"encryption":[],"force_destroy":false,"id":"nl-to-iac-artifacts-speedy-octane-457509-r0","labels":{},"lifecycle_rule":[{"action":[{"storage_class":"","type":"Delete"}],"condition":[{"age":30,"created_before":"","custom_time_before":"","days_since_custom_time":0,"days_since_noncurrent_time":0,"matches_prefix":[],"matches_storage_class":[],"matches_suffix":[],"noncurrent_time_before":"","num_newer_versions":0,"with_state":"ANY"}]}],"location":"US-CENTRAL1","logging":[],"name":"nl-to-iac-artifacts-speedy-octane-457509-r0","project":"speedy-octane-457509-r0","public_access_prevention":"inherited","requester_pays":false,"retention_policy":[],"self_link":"https://www.googleapis.com/storage/v1/b/nl-to-iac-artifacts-speedy-octane-457509-r0","soft_delete_policy":[{"effective_time":"2025-04-22T11:08:02.860Z","retention_duration_seconds":604800}],"storage_class":"STANDARD","timeouts":null,"uniform_bucket_level_access":true,"url":"gs://nl-to-iac-artifacts-speedy-octane-457509-r0","versioning":[{"enabled":false}],"website":[]},"sensitive_attributes":[],"private":"eyJlMmJmYjczMC1lY2FhLTExZTYtOGY4OC0zNDM2M2JjN2M0YzAiOnsiY3JlYXRlIjo2MDAwMDAwMDAwMDAsInJlYWQiOjI0MDAwMDAwMDAwMCwidXBkYXRlIjoyNDAwMDAwMDAwMDB9fQ==","dependencies":["google_project_service.storage_api"]}]},{"mode":"managed","type":"google_storage_bucket_iam_member","name":"storage_admin","provider":"provider[\"registry.opentofu.org/hashicorp/google\"]","instances":[{"schema_version":0,"attributes":{"bucket":"b/nl-to-iac-artifacts-speedy-octane-457509-r0","condition":[],"etag":"CAI=","id":"b/nl-to-iac-artifacts-speedy-octane-457509-r0/roles/storage.objectAdmin/serviceAccount:nl-to-iac-service-account@speedy-octane-457509-r0.iam.gserviceaccount.com","member":"serviceAccount:nl-to-iac-service-account@speedy-octane-457509-r0.iam.gserviceaccount.com","role":"roles/storage.objectAdmin"},"sensitive_attributes":[],"private":"bnVsbA==","dependencies":["google_project_service.storage_api","google_service_account.cloud_run_service_account","google_storage_bucket.artifacts_bucket"]}]}],"check_results":null}
